{
  "requires": true,
  "lockfileVersion": 1,
  "dependencies": {
    "@ionic-native/status-bar": {
      "version": "5.34.0",
      "resolved": "https://registry.npmjs.org/@ionic-native/status-bar/-/status-bar-5.34.0.tgz",
      "integrity": "sha512-Zn4PLbJ/4l4wlWhndsIpxw8whFK4BlPSF4j4BBCbkAVkgPgGUscejaCDJxYPabxUbU2NEkS1KLBDGrmW7dwZxg==",
      "requires": {
        "@types/cordova": "^0.0.34"
      }
    },
    "@types/cordova": {
      "version": "0.0.34",
      "resolved": "https://registry.npmjs.org/@types/cordova/-/cordova-0.0.34.tgz",
      "integrity": "sha1-6nrd907Ow9dimCegw54smt3HPQQ="
    }
  }
}
